{
  "name": "react-universally",
  "version": "13.0.0",
  "lockfileVersion": 1,
  "requires": true,
  "dependencies": {
    "semver": {
      "version": "5.3.0",
      "resolved": "https://registry.npmjs.org/semver/-/semver-5.3.0.tgz",
      "integrity": "sha1-myzl094C0XxgEq0yaqa00M9U+U8=",
      "dev": true
    }
  }
}
